
Microsoft Visual Studio Solution File, Format Version 12.00
Project("{FAE04EC0-301F-11D3-BF4B-00C04F79EFBC}") = "guide", "guide\guide\guide.csproj", "{B526F487-6C48-4D10-A053-25CC017EE152}"
EndProject
Project("{FAE04EC0-301F-11D3-BF4B-00C04F79EFBC}") = "guide.Android", "guide\guide.Android\guide.Android.csproj", "{70C29454-22AE-4A69-B848-8A817E68770D}"
EndProject
Project("{FAE04EC0-301F-11D3-BF4B-00C04F79EFBC}") = "guide.Desktop", "guide\guide.Desktop\guide.Desktop.csproj", "{4E7BFBC7-631B-4A4A-B923-1BAC6582E724}"
EndProject
Global
	GlobalSection(SolutionConfigurationPlatforms) = preSolution
		Debug|Any CPU = Debug|Any CPU
		Release|Any CPU = Release|Any CPU
	EndGlobalSection
	GlobalSection(ProjectConfigurationPlatforms) = postSolution
		{B526F487-6C48-4D10-A053-25CC017EE152}.Debug|Any CPU.ActiveCfg = Debug|Any CPU
		{B526F487-6C48-4D10-A053-25CC017EE152}.Debug|Any CPU.Build.0 = Debug|Any CPU
		{B526F487-6C48-4D10-A053-25CC017EE152}.Release|Any CPU.ActiveCfg = Release|Any CPU
		{B526F487-6C48-4D10-A053-25CC017EE152}.Release|Any CPU.Build.0 = Release|Any CPU
		{70C29454-22AE-4A69-B848-8A817E68770D}.Debug|Any CPU.ActiveCfg = Debug|Any CPU
		{70C29454-22AE-4A69-B848-8A817E68770D}.Debug|Any CPU.Build.0 = Debug|Any CPU
		{70C29454-22AE-4A69-B848-8A817E68770D}.Debug|Any CPU.Deploy.0 = Debug|Any CPU
		{70C29454-22AE-4A69-B848-8A817E68770D}.Release|Any CPU.ActiveCfg = Release|Any CPU
		{70C29454-22AE-4A69-B848-8A817E68770D}.Release|Any CPU.Build.0 = Release|Any CPU
		{70C29454-22AE-4A69-B848-8A817E68770D}.Release|Any CPU.Deploy.0 = Release|Any CPU
		{4E7BFBC7-631B-4A4A-B923-1BAC6582E724}.Debug|Any CPU.ActiveCfg = Debug|Any CPU
		{4E7BFBC7-631B-4A4A-B923-1BAC6582E724}.Debug|Any CPU.Build.0 = Debug|Any CPU
		{4E7BFBC7-631B-4A4A-B923-1BAC6582E724}.Release|Any CPU.ActiveCfg = Release|Any CPU
		{4E7BFBC7-631B-4A4A-B923-1BAC6582E724}.Release|Any CPU.Build.0 = Release|Any CPU
	EndGlobalSection
EndGlobal
